
Microsoft Visual Studio Solution File, Format Version 12.00
# Visual Studio Version 17
VisualStudioVersion = 17.2.32616.157
MinimumVisualStudioVersion = 10.0.40219.1
Project("{2150E333-8FDC-42A3-9474-1A3956D46DE8}") = "Solution Items", "Solution Items", "{31CA63B1-7363-4AA7-AA96-D9B180161B2D}"
	ProjectSection(SolutionItems) = preProject
		.editorconfig = .editorconfig
		TODO.md = TODO.md
	EndProjectSection
EndProject
Project("{FAE04EC0-301F-11D3-BF4B-00C04F79EFBC}") = "BetterPDA", "BetterPDA\BetterPDA.csproj", "{C1FA4C2F-D045-4790-A75D-559CFB602A39}"
EndProject
Project("{FAE04EC0-301F-11D3-BF4B-00C04F79EFBC}") = "BetterVehicles", "BetterVehicles\BetterVehicles.csproj", "{6D38AD35-CA01-40EA-9946-53CD36227732}"
EndProject
Project("{FAE04EC0-301F-11D3-BF4B-00C04F79EFBC}") = "BetterGraphics", "BetterGraphics\BetterGraphics.csproj", "{EFB5C715-B2E8-4F98-9640-9392FE9BBE27}"
EndProject
Project("{FAE04EC0-301F-11D3-BF4B-00C04F79EFBC}") = "BetterLights", "BetterLights\BetterLights.csproj", "{E67CCE42-B46D-48EB-9731-9054038578CF}"
EndProject
Project("{FAE04EC0-301F-11D3-BF4B-00C04F79EFBC}") = "BetterHUD", "BetterHUD\BetterHUD.csproj", "{C1494AF7-D308-4A38-B197-A0827AF618CE}"
EndProject
Project("{FAE04EC0-301F-11D3-BF4B-00C04F79EFBC}") = "BetterQuickSlots", "BetterQuickSlots\BetterQuickSlots.csproj", "{46BC23D6-EBB8-4270-A3BE-DAA115A97E69}"
EndProject
Project("{FAE04EC0-301F-11D3-BF4B-00C04F79EFBC}") = "BetterSubnautica", "BetterSubnautica\BetterSubnautica.csproj", "{B6665795-A64E-4401-BC3F-5ABFC3ADB20E}"
EndProject
Project("{FAE04EC0-301F-11D3-BF4B-00C04F79EFBC}") = "BetterSavegames", "BetterSavegames\BetterSavegames.csproj", "{973FE786-0517-4AA9-84F6-A56EBD27F58F}"
EndProject
Global
	GlobalSection(SolutionConfigurationPlatforms) = preSolution
		BZ.EXP|Any CPU = BZ.EXP|Any CPU
		BZ.STABLE|Any CPU = BZ.STABLE|Any CPU
		SN.EXP|Any CPU = SN.EXP|Any CPU
		SN.STABLE|Any CPU = SN.STABLE|Any CPU
	EndGlobalSection
	GlobalSection(ProjectConfigurationPlatforms) = postSolution
		{C1FA4C2F-D045-4790-A75D-559CFB602A39}.BZ.EXP|Any CPU.ActiveCfg = BZ.EXP|Any CPU
		{C1FA4C2F-D045-4790-A75D-559CFB602A39}.BZ.EXP|Any CPU.Build.0 = BZ.EXP|Any CPU
		{C1FA4C2F-D045-4790-A75D-559CFB602A39}.BZ.STABLE|Any CPU.ActiveCfg = BZ.STABLE|Any CPU
		{C1FA4C2F-D045-4790-A75D-559CFB602A39}.BZ.STABLE|Any CPU.Build.0 = BZ.STABLE|Any CPU
		{C1FA4C2F-D045-4790-A75D-559CFB602A39}.SN.EXP|Any CPU.ActiveCfg = SN.EXP|Any CPU
		{C1FA4C2F-D045-4790-A75D-559CFB602A39}.SN.EXP|Any CPU.Build.0 = SN.EXP|Any CPU
		{C1FA4C2F-D045-4790-A75D-559CFB602A39}.SN.STABLE|Any CPU.ActiveCfg = SN.STABLE|Any CPU
		{C1FA4C2F-D045-4790-A75D-559CFB602A39}.SN.STABLE|Any CPU.Build.0 = SN.STABLE|Any CPU
		{6D38AD35-CA01-40EA-9946-53CD36227732}.BZ.EXP|Any CPU.ActiveCfg = BZ.EXP|Any CPU
		{6D38AD35-CA01-40EA-9946-53CD36227732}.BZ.EXP|Any CPU.Build.0 = BZ.EXP|Any CPU
		{6D38AD35-CA01-40EA-9946-53CD36227732}.BZ.STABLE|Any CPU.ActiveCfg = BZ.STABLE|Any CPU
		{6D38AD35-CA01-40EA-9946-53CD36227732}.BZ.STABLE|Any CPU.Build.0 = BZ.STABLE|Any CPU
		{6D38AD35-CA01-40EA-9946-53CD36227732}.SN.EXP|Any CPU.ActiveCfg = SN.EXP|Any CPU
		{6D38AD35-CA01-40EA-9946-53CD36227732}.SN.EXP|Any CPU.Build.0 = SN.EXP|Any CPU
		{6D38AD35-CA01-40EA-9946-53CD36227732}.SN.STABLE|Any CPU.ActiveCfg = SN.STABLE|Any CPU
		{6D38AD35-CA01-40EA-9946-53CD36227732}.SN.STABLE|Any CPU.Build.0 = SN.STABLE|Any CPU
		{EFB5C715-B2E8-4F98-9640-9392FE9BBE27}.BZ.EXP|Any CPU.ActiveCfg = BZ.EXP|Any CPU
		{EFB5C715-B2E8-4F98-9640-9392FE9BBE27}.BZ.EXP|Any CPU.Build.0 = BZ.EXP|Any CPU
		{EFB5C715-B2E8-4F98-9640-9392FE9BBE27}.BZ.STABLE|Any CPU.ActiveCfg = BZ.STABLE|Any CPU
		{EFB5C715-B2E8-4F98-9640-9392FE9BBE27}.BZ.STABLE|Any CPU.Build.0 = BZ.STABLE|Any CPU
		{EFB5C715-B2E8-4F98-9640-9392FE9BBE27}.SN.EXP|Any CPU.ActiveCfg = SN.EXP|Any CPU
		{EFB5C715-B2E8-4F98-9640-9392FE9BBE27}.SN.EXP|Any CPU.Build.0 = SN.EXP|Any CPU
		{EFB5C715-B2E8-4F98-9640-9392FE9BBE27}.SN.STABLE|Any CPU.ActiveCfg = SN.STABLE|Any CPU
		{EFB5C715-B2E8-4F98-9640-9392FE9BBE27}.SN.STABLE|Any CPU.Build.0 = SN.STABLE|Any CPU
		{E67CCE42-B46D-48EB-9731-9054038578CF}.BZ.EXP|Any CPU.ActiveCfg = BZ.EXP|Any CPU
		{E67CCE42-B46D-48EB-9731-9054038578CF}.BZ.EXP|Any CPU.Build.0 = BZ.EXP|Any CPU
		{E67CCE42-B46D-48EB-9731-9054038578CF}.BZ.STABLE|Any CPU.ActiveCfg = BZ.STABLE|Any CPU
		{E67CCE42-B46D-48EB-9731-9054038578CF}.BZ.STABLE|Any CPU.Build.0 = BZ.STABLE|Any CPU
		{E67CCE42-B46D-48EB-9731-9054038578CF}.SN.EXP|Any CPU.ActiveCfg = SN.EXP|Any CPU
		{E67CCE42-B46D-48EB-9731-9054038578CF}.SN.EXP|Any CPU.Build.0 = SN.EXP|Any CPU
		{E67CCE42-B46D-48EB-9731-9054038578CF}.SN.STABLE|Any CPU.ActiveCfg = SN.STABLE|Any CPU
		{E67CCE42-B46D-48EB-9731-9054038578CF}.SN.STABLE|Any CPU.Build.0 = SN.STABLE|Any CPU
		{C1494AF7-D308-4A38-B197-A0827AF618CE}.BZ.EXP|Any CPU.ActiveCfg = BZ.EXP|Any CPU
		{C1494AF7-D308-4A38-B197-A0827AF618CE}.BZ.EXP|Any CPU.Build.0 = BZ.EXP|Any CPU
		{C1494AF7-D308-4A38-B197-A0827AF618CE}.BZ.STABLE|Any CPU.ActiveCfg = BZ.STABLE|Any CPU
		{C1494AF7-D308-4A38-B197-A0827AF618CE}.BZ.STABLE|Any CPU.Build.0 = BZ.STABLE|Any CPU
		{C1494AF7-D308-4A38-B197-A0827AF618CE}.SN.EXP|Any CPU.ActiveCfg = SN.EXP|Any CPU
		{C1494AF7-D308-4A38-B197-A0827AF618CE}.SN.EXP|Any CPU.Build.0 = SN.EXP|Any CPU
		{C1494AF7-D308-4A38-B197-A0827AF618CE}.SN.STABLE|Any CPU.ActiveCfg = SN.STABLE|Any CPU
		{C1494AF7-D308-4A38-B197-A0827AF618CE}.SN.STABLE|Any CPU.Build.0 = SN.STABLE|Any CPU
		{46BC23D6-EBB8-4270-A3BE-DAA115A97E69}.BZ.EXP|Any CPU.ActiveCfg = BZ.EXP|Any CPU
		{46BC23D6-EBB8-4270-A3BE-DAA115A97E69}.BZ.EXP|Any CPU.Build.0 = BZ.EXP|Any CPU
		{46BC23D6-EBB8-4270-A3BE-DAA115A97E69}.BZ.STABLE|Any CPU.ActiveCfg = BZ.STABLE|Any CPU
		{46BC23D6-EBB8-4270-A3BE-DAA115A97E69}.BZ.STABLE|Any CPU.Build.0 = BZ.STABLE|Any CPU
		{46BC23D6-EBB8-4270-A3BE-DAA115A97E69}.SN.EXP|Any CPU.ActiveCfg = SN.EXP|Any CPU
		{46BC23D6-EBB8-4270-A3BE-DAA115A97E69}.SN.EXP|Any CPU.Build.0 = SN.EXP|Any CPU
		{46BC23D6-EBB8-4270-A3BE-DAA115A97E69}.SN.STABLE|Any CPU.ActiveCfg = SN.STABLE|Any CPU
		{46BC23D6-EBB8-4270-A3BE-DAA115A97E69}.SN.STABLE|Any CPU.Build.0 = SN.STABLE|Any CPU
		{B6665795-A64E-4401-BC3F-5ABFC3ADB20E}.BZ.EXP|Any CPU.ActiveCfg = BZ.EXP|Any CPU
		{B6665795-A64E-4401-BC3F-5ABFC3ADB20E}.BZ.EXP|Any CPU.Build.0 = BZ.EXP|Any CPU
		{B6665795-A64E-4401-BC3F-5ABFC3ADB20E}.BZ.STABLE|Any CPU.ActiveCfg = BZ.STABLE|Any CPU
		{B6665795-A64E-4401-BC3F-5ABFC3ADB20E}.BZ.STABLE|Any CPU.Build.0 = BZ.STABLE|Any CPU
		{B6665795-A64E-4401-BC3F-5ABFC3ADB20E}.SN.EXP|Any CPU.ActiveCfg = SN.EXP|Any CPU
		{B6665795-A64E-4401-BC3F-5ABFC3ADB20E}.SN.EXP|Any CPU.Build.0 = SN.EXP|Any CPU
		{B6665795-A64E-4401-BC3F-5ABFC3ADB20E}.SN.STABLE|Any CPU.ActiveCfg = SN.STABLE|Any CPU
		{B6665795-A64E-4401-BC3F-5ABFC3ADB20E}.SN.STABLE|Any CPU.Build.0 = SN.STABLE|Any CPU
		{973FE786-0517-4AA9-84F6-A56EBD27F58F}.BZ.EXP|Any CPU.ActiveCfg = BZ.EXP|Any CPU
		{973FE786-0517-4AA9-84F6-A56EBD27F58F}.BZ.EXP|Any CPU.Build.0 = BZ.EXP|Any CPU
		{973FE786-0517-4AA9-84F6-A56EBD27F58F}.BZ.STABLE|Any CPU.ActiveCfg = BZ.STABLE|Any CPU
		{973FE786-0517-4AA9-84F6-A56EBD27F58F}.BZ.STABLE|Any CPU.Build.0 = BZ.STABLE|Any CPU
		{973FE786-0517-4AA9-84F6-A56EBD27F58F}.SN.EXP|Any CPU.ActiveCfg = SN.EXP|Any CPU
		{973FE786-0517-4AA9-84F6-A56EBD27F58F}.SN.EXP|Any CPU.Build.0 = SN.EXP|Any CPU
		{973FE786-0517-4AA9-84F6-A56EBD27F58F}.SN.STABLE|Any CPU.ActiveCfg = SN.STABLE|Any CPU
		{973FE786-0517-4AA9-84F6-A56EBD27F58F}.SN.STABLE|Any CPU.Build.0 = SN.STABLE|Any CPU
	EndGlobalSection
	GlobalSection(SolutionProperties) = preSolution
		HideSolutionNode = FALSE
	EndGlobalSection
	GlobalSection(ExtensibilityGlobals) = postSolution
		SolutionGuid = {6CC1BE1C-9F6B-43FF-9D3E-78E32EC34BCB}
	EndGlobalSection
EndGlobal
